// !$*UTF8*$!
{
	archiveVersion = 1;
	classes = {
	};
	objectVersion = 48;
	objects = {

/* Begin PBXBuildFile section */
		0614B7D22FD01A8C50E9F26E /* Pods_kindOfGymApp.framework in Frameworks */ = {isa = PBXBuildFile; fileRef = 0689008F5082105BF7C82B89 /* Pods_kindOfGymApp.framework */; };
		231F3DE120CFADCB00974BFC /* Constants.swift in Sources */ = {isa = PBXBuildFile; fileRef = 231F3DE020CFADCB00974BFC /* Constants.swift */; };
		2326BFF720CFBA2B002B5E2E /* SwiftKeychainWrapper.framework in Frameworks */ = {isa = PBXBuildFile; fileRef = 2326BFF820CFBA2B002B5E2E /* SwiftKeychainWrapper.framework */; };
		2326BFFA20CFC627002B5E2E /* ChooseTrainingVC.swift in Sources */ = {isa = PBXBuildFile; fileRef = 2326BFF920CFC627002B5E2E /* ChooseTrainingVC.swift */; };
		2326BFFC20CFC696002B5E2E /* chooseyouttrainingbackground.gif in Resources */ = {isa = PBXBuildFile; fileRef = 2326BFFB20CFC695002B5E2E /* chooseyouttrainingbackground.gif */; };
		2326BFFE20D053B2002B5E2E /* ChestAndTricepsVC.swift in Sources */ = {isa = PBXBuildFile; fileRef = 2326BFFD20D053B2002B5E2E /* ChestAndTricepsVC.swift */; };
		2326C00020D053E5002B5E2E /* BackAndBicepsVC.swift in Sources */ = {isa = PBXBuildFile; fileRef = 2326BFFF20D053E5002B5E2E /* BackAndBicepsVC.swift */; };
		2326C00220D0540E002B5E2E /* LegsVC.swift in Sources */ = {isa = PBXBuildFile; fileRef = 2326C00120D0540E002B5E2E /* LegsVC.swift */; };
		2326C00420D05430002B5E2E /* ShouldersVC.swift in Sources */ = {isa = PBXBuildFile; fileRef = 2326C00320D05430002B5E2E /* ShouldersVC.swift */; };
		2326C00620D05527002B5E2E /* chestVCBackground.gif in Resources */ = {isa = PBXBuildFile; fileRef = 2326C00520D05526002B5E2E /* chestVCBackground.gif */; };
		2326C00820D05536002B5E2E /* backAndBicepsVCbackground.gif in Resources */ = {isa = PBXBuildFile; fileRef = 2326C00720D05535002B5E2E /* backAndBicepsVCbackground.gif */; };
		2326C00A20D05544002B5E2E /* legsVCBackground.gif in Resources */ = {isa = PBXBuildFile; fileRef = 2326C00920D05543002B5E2E /* legsVCBackground.gif */; };
		2326C00C20D05552002B5E2E /* shouldersVCBackground.gif in Resources */ = {isa = PBXBuildFile; fileRef = 2326C00B20D05552002B5E2E /* shouldersVCBackground.gif */; };
		2326C01220D17F00002B5E2E /* ChestExerciseCell.swift in Sources */ = {isa = PBXBuildFile; fileRef = 2326C01120D17F00002B5E2E /* ChestExerciseCell.swift */; };
		2326C01420D17F38002B5E2E /* BackBicepsExerciseCell.swift in Sources */ = {isa = PBXBuildFile; fileRef = 2326C01320D17F38002B5E2E /* BackBicepsExerciseCell.swift */; };
		2326C01620D17F53002B5E2E /* LegExerciseCell.swift in Sources */ = {isa = PBXBuildFile; fileRef = 2326C01520D17F53002B5E2E /* LegExerciseCell.swift */; };
		2326C01820D17F80002B5E2E /* ShoulderExerciseCell.swift in Sources */ = {isa = PBXBuildFile; fileRef = 2326C01720D17F80002B5E2E /* ShoulderExerciseCell.swift */; };
		2389A11820CEF12600F7DE7F /* SwiftGIF.swift in Sources */ = {isa = PBXBuildFile; fileRef = 2389A11720CEF12600F7DE7F /* SwiftGIF.swift */; };
		2389A11A20CEF16700F7DE7F /* LoginBackround.gif in Resources */ = {isa = PBXBuildFile; fileRef = 2389A11920CEF16700F7DE7F /* LoginBackround.gif */; };
		2389A11C20CEF7ED00F7DE7F /* GoogleService-Info.plist in Resources */ = {isa = PBXBuildFile; fileRef = 2389A11B20CEF7ED00F7DE7F /* GoogleService-Info.plist */; };
		2389A12120CF0F2400F7DE7F /* ShowSplashScreen.swift in Sources */ = {isa = PBXBuildFile; fileRef = 2389A12020CF0F2400F7DE7F /* ShowSplashScreen.swift */; };
		2389A12320CF0FD300F7DE7F /* HiScreenBackground.gif in Resources */ = {isa = PBXBuildFile; fileRef = 2389A12220CF0FD300F7DE7F /* HiScreenBackground.gif */; };
		2389A12520CF16FD00F7DE7F /* TextField.swift in Sources */ = {isa = PBXBuildFile; fileRef = 2389A12420CF16FD00F7DE7F /* TextField.swift */; };
		239AABA920CEAE42008D7CFD /* AppDelegate.swift in Sources */ = {isa = PBXBuildFile; fileRef = 239AABA820CEAE42008D7CFD /* AppDelegate.swift */; };
		239AABAB20CEAE42008D7CFD /* LoginVC.swift in Sources */ = {isa = PBXBuildFile; fileRef = 239AABAA20CEAE42008D7CFD /* LoginVC.swift */; };
		239AABAE20CEAE42008D7CFD /* Main.storyboard in Resources */ = {isa = PBXBuildFile; fileRef = 239AABAC20CEAE42008D7CFD /* Main.storyboard */; };
		239AABB020CEAE42008D7CFD /* Assets.xcassets in Resources */ = {isa = PBXBuildFile; fileRef = 239AABAF20CEAE42008D7CFD /* Assets.xcassets */; };
		239AABB320CEAE42008D7CFD /* LaunchScreen.storyboard in Resources */ = {isa = PBXBuildFile; fileRef = 239AABB120CEAE42008D7CFD /* LaunchScreen.storyboard */; };
/* End PBXBuildFile section */

/* Begin PBXFileReference section */
		0689008F5082105BF7C82B89 /* Pods_kindOfGymApp.framework */ = {isa = PBXFileReference; explicitFileType = wrapper.framework; includeInIndex = 0; path = Pods_kindOfGymApp.framework; sourceTree = BUILT_PRODUCTS_DIR; };
		22B6FEF3CD02217FABCCA7AC /* Pods-kindOfGymApp.debug.xcconfig */ = {isa = PBXFileReference; includeInIndex = 1; lastKnownFileType = text.xcconfig; name = "Pods-kindOfGymApp.debug.xcconfig"; path = "Pods/Target Support Files/Pods-kindOfGymApp/Pods-kindOfGymApp.debug.xcconfig"; sourceTree = "<group>"; };
		231F3DE020CFADCB00974BFC /* Constants.swift */ = {isa = PBXFileReference; lastKnownFileType = sourcecode.swift; path = Constants.swift; sourceTree = "<group>"; };
		2326BFF820CFBA2B002B5E2E /* SwiftKeychainWrapper.framework */ = {isa = PBXFileReference; explicitFileType = wrapper.framework; path = SwiftKeychainWrapper.framework; sourceTree = BUILT_PRODUCTS_DIR; };
		2326BFF920CFC627002B5E2E /* ChooseTrainingVC.swift */ = {isa = PBXFileReference; lastKnownFileType = sourcecode.swift; path = ChooseTrainingVC.swift; sourceTree = "<group>"; };
		2326BFFB20CFC695002B5E2E /* chooseyouttrainingbackground.gif */ = {isa = PBXFileReference; lastKnownFileType = image.gif; path = chooseyouttrainingbackground.gif; sourceTree = "<group>"; };
		2326BFFD20D053B2002B5E2E /* ChestAndTricepsVC.swift */ = {isa = PBXFileReference; lastKnownFileType = sourcecode.swift; path = ChestAndTricepsVC.swift; sourceTree = "<group>"; };
		2326BFFF20D053E5002B5E2E /* BackAndBicepsVC.swift */ = {isa = PBXFileReference; lastKnownFileType = sourcecode.swift; path = BackAndBicepsVC.swift; sourceTree = "<group>"; };
		2326C00120D0540E002B5E2E /* LegsVC.swift */ = {isa = PBXFileReference; lastKnownFileType = sourcecode.swift; path = LegsVC.swift; sourceTree = "<group>"; };
		2326C00320D05430002B5E2E /* ShouldersVC.swift */ = {isa = PBXFileReference; lastKnownFileType = sourcecode.swift; path = ShouldersVC.swift; sourceTree = "<group>"; };
		2326C00520D05526002B5E2E /* chestVCBackground.gif */ = {isa = PBXFileReference; lastKnownFileType = image.gif; path = chestVCBackground.gif; sourceTree = "<group>"; };
		2326C00720D05535002B5E2E /* backAndBicepsVCbackground.gif */ = {isa = PBXFileReference; lastKnownFileType = image.gif; path = backAndBicepsVCbackground.gif; sourceTree = "<group>"; };
		2326C00920D05543002B5E2E /* legsVCBackground.gif */ = {isa = PBXFileReference; lastKnownFileType = image.gif; path = legsVCBackground.gif; sourceTree = "<group>"; };
		2326C00B20D05552002B5E2E /* shouldersVCBackground.gif */ = {isa = PBXFileReference; lastKnownFileType = image.gif; path = shouldersVCBackground.gif; sourceTree = "<group>"; };
		2326C01120D17F00002B5E2E /* ChestExerciseCell.swift */ = {isa = PBXFileReference; lastKnownFileType = sourcecode.swift; path = ChestExerciseCell.swift; sourceTree = "<group>"; };
		2326C01320D17F38002B5E2E /* BackBicepsExerciseCell.swift */ = {isa = PBXFileReference; lastKnownFileType = sourcecode.swift; path = BackBicepsExerciseCell.swift; sourceTree = "<group>"; };
		2326C01520D17F53002B5E2E /* LegExerciseCell.swift */ = {isa = PBXFileReference; lastKnownFileType = sourcecode.swift; path = LegExerciseCell.swift; sourceTree = "<group>"; };
		2326C01720D17F80002B5E2E /* ShoulderExerciseCell.swift */ = {isa = PBXFileReference; lastKnownFileType = sourcecode.swift; path = ShoulderExerciseCell.swift; sourceTree = "<group>"; };
		2389A11720CEF12600F7DE7F /* SwiftGIF.swift */ = {isa = PBXFileReference; lastKnownFileType = sourcecode.swift; path = SwiftGIF.swift; sourceTree = "<group>"; };
		2389A11920CEF16700F7DE7F /* LoginBackround.gif */ = {isa = PBXFileReference; lastKnownFileType = image.gif; path = LoginBackround.gif; sourceTree = "<group>"; };
		2389A11B20CEF7ED00F7DE7F /* GoogleService-Info.plist */ = {isa = PBXFileReference; fileEncoding = 4; lastKnownFileType = text.plist.xml; path = "GoogleService-Info.plist"; sourceTree = "<group>"; };
		2389A12020CF0F2400F7DE7F /* ShowSplashScreen.swift */ = {isa = PBXFileReference; lastKnownFileType = sourcecode.swift; path = ShowSplashScreen.swift; sourceTree = "<group>"; };
		2389A12220CF0FD300F7DE7F /* HiScreenBackground.gif */ = {isa = PBXFileReference; lastKnownFileType = image.gif; path = HiScreenBackground.gif; sourceTree = "<group>"; };
		2389A12420CF16FD00F7DE7F /* TextField.swift */ = {isa = PBXFileReference; lastKnownFileType = sourcecode.swift; path = TextField.swift; sourceTree = "<group>"; };
		2389A12620CF1D6400F7DE7F /* kindOfGymApp.entitlements */ = {isa = PBXFileReference; lastKnownFileType = text.plist.entitlements; path = kindOfGymApp.entitlements; sourceTree = "<group>"; };
		239AABA520CEAE42008D7CFD /* kindOfGymApp.app */ = {isa = PBXFileReference; explicitFileType = wrapper.application; includeInIndex = 0; path = kindOfGymApp.app; sourceTree = BUILT_PRODUCTS_DIR; };
		239AABA820CEAE42008D7CFD /* AppDelegate.swift */ = {isa = PBXFileReference; lastKnownFileType = sourcecode.swift; path = AppDelegate.swift; sourceTree = "<group>"; };
		239AABAA20CEAE42008D7CFD /* LoginVC.swift */ = {isa = PBXFileReference; lastKnownFileType = sourcecode.swift; path = LoginVC.swift; sourceTree = "<group>"; };
		239AABAD20CEAE42008D7CFD /* Base */ = {isa = PBXFileReference; lastKnownFileType = file.storyboard; name = Base; path = Base.lproj/Main.storyboard; sourceTree = "<group>"; };
		239AABAF20CEAE42008D7CFD /* Assets.xcassets */ = {isa = PBXFileReference; lastKnownFileType = folder.assetcatalog; path = Assets.xcassets; sourceTree = "<group>"; };
		239AABB220CEAE42008D7CFD /* Base */ = {isa = PBXFileReference; lastKnownFileType = file.storyboard; name = Base; path = Base.lproj/LaunchScreen.storyboard; sourceTree = "<group>"; };
		239AABB420CEAE42008D7CFD /* Info.plist */ = {isa = PBXFileReference; lastKnownFileType = text.plist.xml; path = Info.plist; sourceTree = "<group>"; };
		D972FA4C0555F03495956998 /* Pods-kindOfGymApp.release.xcconfig */ = {isa = PBXFileReference; includeInIndex = 1; lastKnownFileType = text.xcconfig; name = "Pods-kindOfGymApp.release.xcconfig"; path = "Pods/Target Support Files/Pods-kindOfGymApp/Pods-kindOfGymApp.release.xcconfig"; sourceTree = "<group>"; };
/* End PBXFileReference section */

/* Begin PBXFrameworksBuildPhase section */
		239AABA220CEAE42008D7CFD /* Frameworks */ = {
			isa = PBXFrameworksBuildPhase;
			buildActionMask = 2147483647;
			files = (
				2326BFF720CFBA2B002B5E2E /* SwiftKeychainWrapper.framework in Frameworks */,
				0614B7D22FD01A8C50E9F26E /* Pods_kindOfGymApp.framework in Frameworks */,
			);
			runOnlyForDeploymentPostprocessing = 0;
		};
/* End PBXFrameworksBuildPhase section */

/* Begin PBXGroup section */
		231F3DDD20CFAD8700974BFC /* Util */ = {
			isa = PBXGroup;
			children = (
				231F3DE020CFADCB00974BFC /* Constants.swift */,
			);
			path = Util;
			sourceTree = "<group>";
		};
		2389A11D20CEFB6900F7DE7F /* Model */ = {
			isa = PBXGroup;
			children = (
			);
			path = Model;
			sourceTree = "<group>";
		};
		2389A11E20CEFB7000F7DE7F /* View */ = {
			isa = PBXGroup;
			children = (
				2389A12420CF16FD00F7DE7F /* TextField.swift */,
				2326C01120D17F00002B5E2E /* ChestExerciseCell.swift */,
				2326C01320D17F38002B5E2E /* BackBicepsExerciseCell.swift */,
				2326C01520D17F53002B5E2E /* LegExerciseCell.swift */,
				2326C01720D17F80002B5E2E /* ShoulderExerciseCell.swift */,
			);
			path = View;
			sourceTree = "<group>";
		};
		2389A11F20CEFB7800F7DE7F /* Controller */ = {
			isa = PBXGroup;
			children = (
				239AABAA20CEAE42008D7CFD /* LoginVC.swift */,
				2389A12020CF0F2400F7DE7F /* ShowSplashScreen.swift */,
				2326BFF920CFC627002B5E2E /* ChooseTrainingVC.swift */,
				2326BFFD20D053B2002B5E2E /* ChestAndTricepsVC.swift */,
				2326BFFF20D053E5002B5E2E /* BackAndBicepsVC.swift */,
				2326C00120D0540E002B5E2E /* LegsVC.swift */,
				2326C00320D05430002B5E2E /* ShouldersVC.swift */,
			);
			path = Controller;
			sourceTree = "<group>";
		};
		239AAB9C20CEAE42008D7CFD = {
			isa = PBXGroup;
			children = (
				239AABA720CEAE42008D7CFD /* kindOfGymApp */,
				239AABA620CEAE42008D7CFD /* Products */,
				7DCC10E623D4E970A5040BBA /* Pods */,
				9CC910C176A26827FA72FA2C /* Frameworks */,
			);
			sourceTree = "<group>";
		};
		239AABA620CEAE42008D7CFD /* Products */ = {
			isa = PBXGroup;
			children = (
				239AABA520CEAE42008D7CFD /* kindOfGymApp.app */,
			);
			name = Products;
			sourceTree = "<group>";
		};
		239AABA720CEAE42008D7CFD /* kindOfGymApp */ = {
			isa = PBXGroup;
			children = (
				231F3DDD20CFAD8700974BFC /* Util */,
				2389A11D20CEFB6900F7DE7F /* Model */,
				2389A11F20CEFB7800F7DE7F /* Controller */,
				2389A11E20CEFB7000F7DE7F /* View */,
				239AABA820CEAE42008D7CFD /* AppDelegate.swift */,
				239AABAC20CEAE42008D7CFD /* Main.storyboard */,
				239AABAF20CEAE42008D7CFD /* Assets.xcassets */,
				239AABB120CEAE42008D7CFD /* LaunchScreen.storyboard */,
				239AABB420CEAE42008D7CFD /* Info.plist */,
				2389A11B20CEF7ED00F7DE7F /* GoogleService-Info.plist */,
				2389A11720CEF12600F7DE7F /* SwiftGIF.swift */,
				2326C00520D05526002B5E2E /* chestVCBackground.gif */,
				2326C00720D05535002B5E2E /* backAndBicepsVCbackground.gif */,
				2326C00920D05543002B5E2E /* legsVCBackground.gif */,
				2326C00B20D05552002B5E2E /* shouldersVCBackground.gif */,
				2326BFFB20CFC695002B5E2E /* chooseyouttrainingbackground.gif */,
				2389A12220CF0FD300F7DE7F /* HiScreenBackground.gif */,
				2389A11920CEF16700F7DE7F /* LoginBackround.gif */,
				2389A12620CF1D6400F7DE7F /* kindOfGymApp.entitlements */,
			);
			path = kindOfGymApp;
			sourceTree = "<group>";
		};
		7DCC10E623D4E970A5040BBA /* Pods */ = {
			isa = PBXGroup;
			children = (
				22B6FEF3CD02217FABCCA7AC /* Pods-kindOfGymApp.debug.xcconfig */,
				D972FA4C0555F03495956998 /* Pods-kindOfGymApp.release.xcconfig */,
			);
			name = Pods;
			sourceTree = "<group>";
		};
		9CC910C176A26827FA72FA2C /* Frameworks */ = {
			isa = PBXGroup;
			children = (
				2326BFF820CFBA2B002B5E2E /* SwiftKeychainWrapper.framework */,
				0689008F5082105BF7C82B89 /* Pods_kindOfGymApp.framework */,
			);
			name = Frameworks;
			sourceTree = "<group>";
		};
/* End PBXGroup section */

/* Begin PBXNativeTarget section */
		239AABA420CEAE42008D7CFD /* kindOfGymApp */ = {
			isa = PBXNativeTarget;
			buildConfigurationList = 239AABB720CEAE42008D7CFD /* Build configuration list for PBXNativeTarget "kindOfGymApp" */;
			buildPhases = (
				C734BC687500CC565204B6A8 /* [CP] Check Pods Manifest.lock */,
				239AABA120CEAE42008D7CFD /* Sources */,
				239AABA220CEAE42008D7CFD /* Frameworks */,
				239AABA320CEAE42008D7CFD /* Resources */,
				33AF94CC522E8D42B5BE6E2D /* [CP] Embed Pods Frameworks */,
				4C93A0802326EF094F8ABF03 /* [CP] Copy Pods Resources */,
			);
			buildRules = (
			);
			dependencies = (
			);
			name = kindOfGymApp;
			productName = kindOfGymApp;
			productReference = 239AABA520CEAE42008D7CFD /* kindOfGymApp.app */;
			productType = "com.apple.product-type.application";
		};
/* End PBXNativeTarget section */

/* Begin PBXProject section */
		239AAB9D20CEAE42008D7CFD /* Project object */ = {
			isa = PBXProject;
			attributes = {
				LastSwiftUpdateCheck = 0920;
				LastUpgradeCheck = 0920;
				ORGANIZATIONNAME = "Jakub Slawecki";
				TargetAttributes = {
					239AABA420CEAE42008D7CFD = {
						CreatedOnToolsVersion = 9.2;
						ProvisioningStyle = Automatic;
						SystemCapabilities = {
							com.apple.Keychain = {
								enabled = 1;
							};
						};
					};
				};
			};
			buildConfigurationList = 239AABA020CEAE42008D7CFD /* Build configuration list for PBXProject "kindOfGymApp" */;
			compatibilityVersion = "Xcode 8.0";
			developmentRegion = en;
			hasScannedForEncodings = 0;
			knownRegions = (
				en,
				Base,
			);
			mainGroup = 239AAB9C20CEAE42008D7CFD;
			productRefGroup = 239AABA620CEAE42008D7CFD /* Products */;
			projectDirPath = "";
			projectRoot = "";
			targets = (
				239AABA420CEAE42008D7CFD /* kindOfGymApp */,
			);
		};
/* End PBXProject section */

/* Begin PBXResourcesBuildPhase section */
		239AABA320CEAE42008D7CFD /* Resources */ = {
			isa = PBXResourcesBuildPhase;
			buildActionMask = 2147483647;
			files = (
				2389A11A20CEF16700F7DE7F /* LoginBackround.gif in Resources */,
				2326C00620D05527002B5E2E /* chestVCBackground.gif in Resources */,
				2326C00A20D05544002B5E2E /* legsVCBackground.gif in Resources */,
				2389A12320CF0FD300F7DE7F /* HiScreenBackground.gif in Resources */,
				2326C00C20D05552002B5E2E /* shouldersVCBackground.gif in Resources */,
				239AABB320CEAE42008D7CFD /* LaunchScreen.storyboard in Resources */,
				2389A11C20CEF7ED00F7DE7F /* GoogleService-Info.plist in Resources */,
				239AABB020CEAE42008D7CFD /* Assets.xcassets in Resources */,
				2326BFFC20CFC696002B5E2E /* chooseyouttrainingbackground.gif in Resources */,
				239AABAE20CEAE42008D7CFD /* Main.storyboard in Resources */,
				2326C00820D05536002B5E2E /* backAndBicepsVCbackground.gif in Resources */,
			);
			runOnlyForDeploymentPostprocessing = 0;
		};
/* End PBXResourcesBuildPhase section */

/* Begin PBXShellScriptBuildPhase section */
		33AF94CC522E8D42B5BE6E2D /* [CP] Embed Pods Frameworks */ = {
			isa = PBXShellScriptBuildPhase;
			buildActionMask = 2147483647;
			files = (
			);
			inputPaths = (
				"${SRCROOT}/Pods/Target Support Files/Pods-kindOfGymApp/Pods-kindOfGymApp-frameworks.sh",
				"${BUILT_PRODUCTS_DIR}/GTMSessionFetcher/GTMSessionFetcher.framework",
				"${BUILT_PRODUCTS_DIR}/GoogleToolboxForMac/GoogleToolboxForMac.framework",
				"${BUILT_PRODUCTS_DIR}/SwiftKeychainWrapper/SwiftKeychainWrapper.framework",
				"${BUILT_PRODUCTS_DIR}/leveldb-library/leveldb.framework",
				"${BUILT_PRODUCTS_DIR}/nanopb/nanopb.framework",
			);
			name = "[CP] Embed Pods Frameworks";
			outputPaths = (
				"${TARGET_BUILD_DIR}/${FRAMEWORKS_FOLDER_PATH}/GTMSessionFetcher.framework",
				"${TARGET_BUILD_DIR}/${FRAMEWORKS_FOLDER_PATH}/GoogleToolboxForMac.framework",
				"${TARGET_BUILD_DIR}/${FRAMEWORKS_FOLDER_PATH}/SwiftKeychainWrapper.framework",
				"${TARGET_BUILD_DIR}/${FRAMEWORKS_FOLDER_PATH}/leveldb.framework",
				"${TARGET_BUILD_DIR}/${FRAMEWORKS_FOLDER_PATH}/nanopb.framework",
			);
			runOnlyForDeploymentPostprocessing = 0;
			shellPath = /bin/sh;
			shellScript = "\"${SRCROOT}/Pods/Target Support Files/Pods-kindOfGymApp/Pods-kindOfGymApp-frameworks.sh\"\n";
			showEnvVarsInLog = 0;
		};
		4C93A0802326EF094F8ABF03 /* [CP] Copy Pods Resources */ = {
			isa = PBXShellScriptBuildPhase;
			buildActionMask = 2147483647;
			files = (
			);
			inputPaths = (
			);
			name = "[CP] Copy Pods Resources";
			outputPaths = (
			);
			runOnlyForDeploymentPostprocessing = 0;
			shellPath = /bin/sh;
			shellScript = "\"${SRCROOT}/Pods/Target Support Files/Pods-kindOfGymApp/Pods-kindOfGymApp-resources.sh\"\n";
			showEnvVarsInLog = 0;
		};
		C734BC687500CC565204B6A8 /* [CP] Check Pods Manifest.lock */ = {
			isa = PBXShellScriptBuildPhase;
			buildActionMask = 2147483647;
			files = (
			);
			inputPaths = (
				"${PODS_PODFILE_DIR_PATH}/Podfile.lock",
				"${PODS_ROOT}/Manifest.lock",
			);
			name = "[CP] Check Pods Manifest.lock";
			outputPaths = (
				"$(DERIVED_FILE_DIR)/Pods-kindOfGymApp-checkManifestLockResult.txt",
			);
			runOnlyForDeploymentPostprocessing = 0;
			shellPath = /bin/sh;
			shellScript = "diff \"${PODS_PODFILE_DIR_PATH}/Podfile.lock\" \"${PODS_ROOT}/Manifest.lock\" > /dev/null\nif [ $? != 0 ] ; then\n    # print error to STDERR\n    echo \"error: The sandbox is not in sync with the Podfile.lock. Run 'pod install' or update your CocoaPods installation.\" >&2\n    exit 1\nfi\n# This output is used by Xcode 'outputs' to avoid re-running this script phase.\necho \"SUCCESS\" > \"${SCRIPT_OUTPUT_FILE_0}\"\n";
			showEnvVarsInLog = 0;
		};
/* End PBXShellScriptBuildPhase section */

/* Begin PBXSourcesBuildPhase section */
		239AABA120CEAE42008D7CFD /* Sources */ = {
			isa = PBXSourcesBuildPhase;
			buildActionMask = 2147483647;
			files = (
				2389A11820CEF12600F7DE7F /* SwiftGIF.swift in Sources */,
				2389A12120CF0F2400F7DE7F /* ShowSplashScreen.swift in Sources */,
				239AABAB20CEAE42008D7CFD /* LoginVC.swift in Sources */,
				2326C01820D17F80002B5E2E /* ShoulderExerciseCell.swift in Sources */,
				2326C01220D17F00002B5E2E /* ChestExerciseCell.swift in Sources */,
				2326C01420D17F38002B5E2E /* BackBicepsExerciseCell.swift in Sources */,
				2326C00220D0540E002B5E2E /* LegsVC.swift in Sources */,
				2326C00020D053E5002B5E2E /* BackAndBicepsVC.swift in Sources */,
				2389A12520CF16FD00F7DE7F /* TextField.swift in Sources */,
				2326C00420D05430002B5E2E /* ShouldersVC.swift in Sources */,
				2326C01620D17F53002B5E2E /* LegExerciseCell.swift in Sources */,
				239AABA920CEAE42008D7CFD /* AppDelegate.swift in Sources */,
				231F3DE120CFADCB00974BFC /* Constants.swift in Sources */,
				2326BFFA20CFC627002B5E2E /* ChooseTrainingVC.swift in Sources */,
				2326BFFE20D053B2002B5E2E /* ChestAndTricepsVC.swift in Sources */,
			);
			runOnlyForDeploymentPostprocessing = 0;
		};
/* End PBXSourcesBuildPhase section */

/* Begin PBXVariantGroup section */
		239AABAC20CEAE42008D7CFD /* Main.storyboard */ = {
			isa = PBXVariantGroup;
			children = (
				239AABAD20CEAE42008D7CFD /* Base */,
			);
			name = Main.storyboard;
			sourceTree = "<group>";
		};
		239AABB120CEAE42008D7CFD /* LaunchScreen.storyboard */ = {
			isa = PBXVariantGroup;
			children = (
				239AABB220CEAE42008D7CFD /* Base */,
			);
			name = LaunchScreen.storyboard;
			sourceTree = "<group>";
		};
/* End PBXVariantGroup section */

/* Begin XCBuildConfiguration section */
		239AABB520CEAE42008D7CFD /* Debug */ = {
			isa = XCBuildConfiguration;
			buildSettings = {
				ALWAYS_SEARCH_USER_PATHS = NO;
				CLANG_ANALYZER_NONNULL = YES;
				CLANG_ANALYZER_NUMBER_OBJECT_CONVERSION = YES_AGGRESSIVE;
				CLANG_CXX_LANGUAGE_STANDARD = "gnu++14";
				CLANG_CXX_LIBRARY = "libc++";
				CLANG_ENABLE_MODULES = YES;
				CLANG_ENABLE_OBJC_ARC = YES;
				CLANG_WARN_BLOCK_CAPTURE_AUTORELEASING = YES;
				CLANG_WARN_BOOL_CONVERSION = YES;
				CLANG_WARN_COMMA = YES;
				CLANG_WARN_CONSTANT_CONVERSION = YES;
				CLANG_WARN_DIRECT_OBJC_ISA_USAGE = YES_ERROR;
				CLANG_WARN_DOCUMENTATION_COMMENTS = YES;
				CLANG_WARN_EMPTY_BODY = YES;
				CLANG_WARN_ENUM_CONVERSION = YES;
				CLANG_WARN_INFINITE_RECURSION = YES;
				CLANG_WARN_INT_CONVERSION = YES;
				CLANG_WARN_NON_LITERAL_NULL_CONVERSION = YES;
				CLANG_WARN_OBJC_LITERAL_CONVERSION = YES;
				CLANG_WARN_OBJC_ROOT_CLASS = YES_ERROR;
				CLANG_WARN_RANGE_LOOP_ANALYSIS = YES;
				CLANG_WARN_STRICT_PROTOTYPES = YES;
				CLANG_WARN_SUSPICIOUS_MOVE = YES;
				CLANG_WARN_UNGUARDED_AVAILABILITY = YES_AGGRESSIVE;
				CLANG_WARN_UNREACHABLE_CODE = YES;
				CLANG_WARN__DUPLICATE_METHOD_MATCH = YES;
				CODE_SIGN_IDENTITY = "iPhone Developer";
				COPY_PHASE_STRIP = NO;
				DEBUG_INFORMATION_FORMAT = dwarf;
				ENABLE_STRICT_OBJC_MSGSEND = YES;
				ENABLE_TESTABILITY = YES;
				GCC_C_LANGUAGE_STANDARD = gnu11;
				GCC_DYNAMIC_NO_PIC = NO;
				GCC_NO_COMMON_BLOCKS = YES;
				GCC_OPTIMIZATION_LEVEL = 0;
				GCC_PREPROCESSOR_DEFINITIONS = (
					"DEBUG=1",
					"$(inherited)",
				);
				GCC_WARN_64_TO_32_BIT_CONVERSION = YES;
				GCC_WARN_ABOUT_RETURN_TYPE = YES_ERROR;
				GCC_WARN_UNDECLARED_SELECTOR = YES;
				GCC_WARN_UNINITIALIZED_AUTOS = YES_AGGRESSIVE;
				GCC_WARN_UNUSED_FUNCTION = YES;
				GCC_WARN_UNUSED_VARIABLE = YES;
				IPHONEOS_DEPLOYMENT_TARGET = 11.2;
				MTL_ENABLE_DEBUG_INFO = YES;
				ONLY_ACTIVE_ARCH = YES;
				SDKROOT = iphoneos;
				SWIFT_ACTIVE_COMPILATION_CONDITIONS = DEBUG;
				SWIFT_OPTIMIZATION_LEVEL = "-Onone";
			};
			name = Debug;
		};
		239AABB620CEAE42008D7CFD /* Release */ = {
			isa = XCBuildConfiguration;
			buildSettings = {
				ALWAYS_SEARCH_USER_PATHS = NO;
				CLANG_ANALYZER_NONNULL = YES;
				CLANG_ANALYZER_NUMBER_OBJECT_CONVERSION = YES_AGGRESSIVE;
				CLANG_CXX_LANGUAGE_STANDARD = "gnu++14";
				CLANG_CXX_LIBRARY = "libc++";
				CLANG_ENABLE_MODULES = YES;
				CLANG_ENABLE_OBJC_ARC = YES;
				CLANG_WARN_BLOCK_CAPTURE_AUTORELEASING = YES;
				CLANG_WARN_BOOL_CONVERSION = YES;
				CLANG_WARN_COMMA = YES;
				CLANG_WARN_CONSTANT_CONVERSION = YES;
				CLANG_WARN_DIRECT_OBJC_ISA_USAGE = YES_ERROR;
				CLANG_WARN_DOCUMENTATION_COMMENTS = YES;
				CLANG_WARN_EMPTY_BODY = YES;
				CLANG_WARN_ENUM_CONVERSION = YES;
				CLANG_WARN_INFINITE_RECURSION = YES;
				CLANG_WARN_INT_CONVERSION = YES;
				CLANG_WARN_NON_LITERAL_NULL_CONVERSION = YES;
				CLANG_WARN_OBJC_LITERAL_CONVERSION = YES;
				CLANG_WARN_OBJC_ROOT_CLASS = YES_ERROR;
				CLANG_WARN_RANGE_LOOP_ANALYSIS = YES;
				CLANG_WARN_STRICT_PROTOTYPES = YES;
				CLANG_WARN_SUSPICIOUS_MOVE = YES;
				CLANG_WARN_UNGUARDED_AVAILABILITY = YES_AGGRESSIVE;
				CLANG_WARN_UNREACHABLE_CODE = YES;
				CLANG_WARN__DUPLICATE_METHOD_MATCH = YES;
				CODE_SIGN_IDENTITY = "iPhone Developer";
				COPY_PHASE_STRIP = NO;
				DEBUG_INFORMATION_FORMAT = "dwarf-with-dsym";
				ENABLE_NS_ASSERTIONS = NO;
				ENABLE_STRICT_OBJC_MSGSEND = YES;
				GCC_C_LANGUAGE_STANDARD = gnu11;
				GCC_NO_COMMON_BLOCKS = YES;
				GCC_WARN_64_TO_32_BIT_CONVERSION = YES;
				GCC_WARN_ABOUT_RETURN_TYPE = YES_ERROR;
				GCC_WARN_UNDECLARED_SELECTOR = YES;
				GCC_WARN_UNINITIALIZED_AUTOS = YES_AGGRESSIVE;
				GCC_WARN_UNUSED_FUNCTION = YES;
				GCC_WARN_UNUSED_VARIABLE = YES;
				IPHONEOS_DEPLOYMENT_TARGET = 11.2;
				MTL_ENABLE_DEBUG_INFO = NO;
				SDKROOT = iphoneos;
				SWIFT_OPTIMIZATION_LEVEL = "-Owholemodule";
				VALIDATE_PRODUCT = YES;
			};
			name = Release;
		};
		239AABB820CEAE42008D7CFD /* Debug */ = {
			isa = XCBuildConfiguration;
			baseConfigurationReference = 22B6FEF3CD02217FABCCA7AC /* Pods-kindOfGymApp.debug.xcconfig */;
			buildSettings = {
				ASSETCATALOG_COMPILER_APPICON_NAME = AppIcon;
				CODE_SIGN_ENTITLEMENTS = kindOfGymApp/kindOfGymApp.entitlements;
				CODE_SIGN_STYLE = Automatic;
				DEVELOPMENT_TEAM = TNJ5QF4LT5;
				INFOPLIST_FILE = kindOfGymApp/Info.plist;
				LD_RUNPATH_SEARCH_PATHS = "$(inherited) @executable_path/Frameworks";
				PRODUCT_BUNDLE_IDENTIFIER = JS.kindOfGymApp;
				PRODUCT_NAME = "$(TARGET_NAME)";
				SWIFT_VERSION = 4.0;
				TARGETED_DEVICE_FAMILY = "1,2";
			};
			name = Debug;
		};
		239AABB920CEAE42008D7CFD /* Release */ = {
			isa = XCBuildConfiguration;
			baseConfigurationReference = D972FA4C0555F03495956998 /* Pods-kindOfGymApp.release.xcconfig */;
			buildSettings = {
				ASSETCATALOG_COMPILER_APPICON_NAME = AppIcon;
				CODE_SIGN_ENTITLEMENTS = kindOfGymApp/kindOfGymApp.entitlements;
				CODE_SIGN_STYLE = Automatic;
				DEVELOPMENT_TEAM = TNJ5QF4LT5;
				INFOPLIST_FILE = kindOfGymApp/Info.plist;
				LD_RUNPATH_SEARCH_PATHS = "$(inherited) @executable_path/Frameworks";
				PRODUCT_BUNDLE_IDENTIFIER = JS.kindOfGymApp;
				PRODUCT_NAME = "$(TARGET_NAME)";
				SWIFT_VERSION = 4.0;
				TARGETED_DEVICE_FAMILY = "1,2";
			};
			name = Release;
		};
/* End XCBuildConfiguration section */

/* Begin XCConfigurationList section */
		239AABA020CEAE42008D7CFD /* Build configuration list for PBXProject "kindOfGymApp" */ = {
			isa = XCConfigurationList;
			buildConfigurations = (
				239AABB520CEAE42008D7CFD /* Debug */,
				239AABB620CEAE42008D7CFD /* Release */,
			);
			defaultConfigurationIsVisible = 0;
			defaultConfigurationName = Release;
		};
		239AABB720CEAE42008D7CFD /* Build configuration list for PBXNativeTarget "kindOfGymApp" */ = {
			isa = XCConfigurationList;
			buildConfigurations = (
				239AABB820CEAE42008D7CFD /* Debug */,
				239AABB920CEAE42008D7CFD /* Release */,
			);
			defaultConfigurationIsVisible = 0;
			defaultConfigurationName = Release;
		};
/* End XCConfigurationList section */
	};
	rootObject = 239AAB9D20CEAE42008D7CFD /* Project object */;
}
